
Microsoft Visual Studio Solution File, Format Version 12.00
# Visual Studio Version 16
VisualStudioVersion = 16.0.31624.102
MinimumVisualStudioVersion = 10.0.40219.1
Project("{FAE04EC0-301F-11D3-BF4B-00C04F79EFBC}") = "HelloAppCore3", "HelloAppCore3\HelloAppCore3.csproj", "{90F885B9-8B04-41DF-897D-0C246FD15B62}"
EndProject
Project("{FAE04EC0-301F-11D3-BF4B-00C04F79EFBC}") = "HelloAppCore3Test", "HelloAppCore3Test\HelloAppCore3Test.csproj", "{EA553368-A359-411D-B6EC-7EC6FACDFF5E}"
EndProject
Global
	GlobalSection(SolutionConfigurationPlatforms) = preSolution
		Debug|Any CPU = Debug|Any CPU
		Release|Any CPU = Release|Any CPU
	EndGlobalSection
	GlobalSection(ProjectConfigurationPlatforms) = postSolution
		{90F885B9-8B04-41DF-897D-0C246FD15B62}.Debug|Any CPU.ActiveCfg = Debug|Any CPU
		{90F885B9-8B04-41DF-897D-0C246FD15B62}.Debug|Any CPU.Build.0 = Debug|Any CPU
		{90F885B9-8B04-41DF-897D-0C246FD15B62}.Release|Any CPU.ActiveCfg = Release|Any CPU
		{90F885B9-8B04-41DF-897D-0C246FD15B62}.Release|Any CPU.Build.0 = Release|Any CPU
		{EA553368-A359-411D-B6EC-7EC6FACDFF5E}.Debug|Any CPU.ActiveCfg = Debug|Any CPU
		{EA553368-A359-411D-B6EC-7EC6FACDFF5E}.Debug|Any CPU.Build.0 = Debug|Any CPU
		{EA553368-A359-411D-B6EC-7EC6FACDFF5E}.Release|Any CPU.ActiveCfg = Release|Any CPU
		{EA553368-A359-411D-B6EC-7EC6FACDFF5E}.Release|Any CPU.Build.0 = Release|Any CPU
	EndGlobalSection
	GlobalSection(SolutionProperties) = preSolution
		HideSolutionNode = FALSE
	EndGlobalSection
	GlobalSection(ExtensibilityGlobals) = postSolution
		SolutionGuid = {411F92B7-960E-45C2-B166-F229B1BBBCD3}
	EndGlobalSection
EndGlobal
