
Microsoft Visual Studio Solution File, Format Version 12.00
# Visual Studio Version 16
VisualStudioVersion = 16.0.31424.327
MinimumVisualStudioVersion = 10.0.40219.1
Project("{FAE04EC0-301F-11D3-BF4B-00C04F79EFBC}") = "ConsoleApp", "ConsoleApp\ConsoleApp.csproj", "{D46A738D-E58D-42C8-8F58-4BDB53AA945F}"
EndProject
Project("{FAE04EC0-301F-11D3-BF4B-00C04F79EFBC}") = "UnitTestProject", "UnitTestProject\UnitTestProject.csproj", "{3A797E85-2BEB-4E84-909F-1AEC1248FB5A}"
EndProject
Global
	GlobalSection(SolutionConfigurationPlatforms) = preSolution
		Debug|Any CPU = Debug|Any CPU
		Release|Any CPU = Release|Any CPU
	EndGlobalSection
	GlobalSection(ProjectConfigurationPlatforms) = postSolution
		{D46A738D-E58D-42C8-8F58-4BDB53AA945F}.Debug|Any CPU.ActiveCfg = Debug|Any CPU
		{D46A738D-E58D-42C8-8F58-4BDB53AA945F}.Debug|Any CPU.Build.0 = Debug|Any CPU
		{D46A738D-E58D-42C8-8F58-4BDB53AA945F}.Release|Any CPU.ActiveCfg = Release|Any CPU
		{D46A738D-E58D-42C8-8F58-4BDB53AA945F}.Release|Any CPU.Build.0 = Release|Any CPU
		{3A797E85-2BEB-4E84-909F-1AEC1248FB5A}.Debug|Any CPU.ActiveCfg = Debug|Any CPU
		{3A797E85-2BEB-4E84-909F-1AEC1248FB5A}.Debug|Any CPU.Build.0 = Debug|Any CPU
		{3A797E85-2BEB-4E84-909F-1AEC1248FB5A}.Release|Any CPU.ActiveCfg = Release|Any CPU
		{3A797E85-2BEB-4E84-909F-1AEC1248FB5A}.Release|Any CPU.Build.0 = Release|Any CPU
	EndGlobalSection
	GlobalSection(SolutionProperties) = preSolution
		HideSolutionNode = FALSE
	EndGlobalSection
	GlobalSection(ExtensibilityGlobals) = postSolution
		SolutionGuid = {6B38CE37-31B6-4881-B8C8-07370DA83978}
	EndGlobalSection
EndGlobal
